
Microsoft Visual Studio Solution File, Format Version 12.00
# Visual Studio Version 17
VisualStudioVersion = 17.1.32421.90
MinimumVisualStudioVersion = 10.0.40219.1
Project("{9A19103F-16F7-4668-BE54-9A1E7A4F7556}") = "MvcDemo", "MvcDemo.csproj", "{05F21034-FEDD-4F7D-9829-27B87AE3D0E9}"
EndProject
Global
	GlobalSection(SolutionConfigurationPlatforms) = preSolution
		Debug|Any CPU = Debug|Any CPU
		Release|Any CPU = Release|Any CPU
	EndGlobalSection
	GlobalSection(ProjectConfigurationPlatforms) = postSolution
		{05F21034-FEDD-4F7D-9829-27B87AE3D0E9}.Debug|Any CPU.ActiveCfg = Debug|Any CPU
		{05F21034-FEDD-4F7D-9829-27B87AE3D0E9}.Debug|Any CPU.Build.0 = Debug|Any CPU
		{05F21034-FEDD-4F7D-9829-27B87AE3D0E9}.Release|Any CPU.ActiveCfg = Release|Any CPU
		{05F21034-FEDD-4F7D-9829-27B87AE3D0E9}.Release|Any CPU.Build.0 = Release|Any CPU
	EndGlobalSection
	GlobalSection(SolutionProperties) = preSolution
		HideSolutionNode = FALSE
	EndGlobalSection
	GlobalSection(ExtensibilityGlobals) = postSolution
		SolutionGuid = {B196AE28-C7FE-457A-AC25-9DAF23961E5C}
	EndGlobalSection
EndGlobal
